// !$*UTF8*$!
{
	archiveVersion = 1;
	classes = {
	};
	objectVersion = 56;
	objects = {

/* Begin PBXBuildFile section */
		741FCE2B2B10CFB500B75741 /* Michael Sembello - She's A Maniac.mp3 in Resources */ = {isa = PBXBuildFile; fileRef = 741FCE2A2B10CFB500B75741 /* Michael Sembello - She's A Maniac.mp3 */; };
		741FCE2F2B10D02800B75741 /* Rick Astley - Never Gonna Give You Up.mp3 in Resources */ = {isa = PBXBuildFile; fileRef = 741FCE2E2B10D02800B75741 /* Rick Astley - Never Gonna Give You Up.mp3 */; };
		74949EAC2B1611CA005AC17C /* ImageView.swift in Sources */ = {isa = PBXBuildFile; fileRef = 74949EAB2B1611CA005AC17C /* ImageView.swift */; };
		74A8149F2B0F6F250077B16B /* Audio_PlayerApp.swift in Sources */ = {isa = PBXBuildFile; fileRef = 74A8149E2B0F6F250077B16B /* Audio_PlayerApp.swift */; };
		74A814A12B0F6F250077B16B /* ContentView.swift in Sources */ = {isa = PBXBuildFile; fileRef = 74A814A02B0F6F250077B16B /* ContentView.swift */; };
		74A814A32B0F6F260077B16B /* Assets.xcassets in Resources */ = {isa = PBXBuildFile; fileRef = 74A814A22B0F6F260077B16B /* Assets.xcassets */; };
		74A814A62B0F6F260077B16B /* Preview Assets.xcassets in Resources */ = {isa = PBXBuildFile; fileRef = 74A814A52B0F6F260077B16B /* Preview Assets.xcassets */; };
		74BCA4E02B10CF250092F41E /* Surprise Surprise - Cilla Black.mp3 in Resources */ = {isa = PBXBuildFile; fileRef = 74BCA4DF2B10CF250092F41E /* Surprise Surprise - Cilla Black.mp3 */; };
		74F68F922B0FC33E0054E690 /* ControlButtonsView.swift in Sources */ = {isa = PBXBuildFile; fileRef = 74F68F912B0FC33E0054E690 /* ControlButtonsView.swift */; };
		74F68F962B0FC8310054E690 /* Extensions.swift in Sources */ = {isa = PBXBuildFile; fileRef = 74F68F952B0FC8310054E690 /* Extensions.swift */; };
		74F68F982B0FC87F0054E690 /* SliderView.swift in Sources */ = {isa = PBXBuildFile; fileRef = 74F68F972B0FC87F0054E690 /* SliderView.swift */; };
		74F68F9A2B0FCF8A0054E690 /* PlayerViewModel.swift in Sources */ = {isa = PBXBuildFile; fileRef = 74F68F992B0FCF8A0054E690 /* PlayerViewModel.swift */; };
/* End PBXBuildFile section */

/* Begin PBXFileReference section */
		741FCE2A2B10CFB500B75741 /* Michael Sembello - She's A Maniac.mp3 */ = {isa = PBXFileReference; lastKnownFileType = audio.mp3; name = "Michael Sembello - She's A Maniac.mp3"; path = "../../../Michael Sembello - She's A Maniac.mp3"; sourceTree = "<group>"; };
		741FCE2E2B10D02800B75741 /* Rick Astley - Never Gonna Give You Up.mp3 */ = {isa = PBXFileReference; lastKnownFileType = audio.mp3; name = "Rick Astley - Never Gonna Give You Up.mp3"; path = "../../../Rick Astley - Never Gonna Give You Up.mp3"; sourceTree = "<group>"; };
		74949EAB2B1611CA005AC17C /* ImageView.swift */ = {isa = PBXFileReference; lastKnownFileType = sourcecode.swift; path = ImageView.swift; sourceTree = "<group>"; };
		74A8149B2B0F6F250077B16B /* Audio_Player.app */ = {isa = PBXFileReference; explicitFileType = wrapper.application; includeInIndex = 0; path = Audio_Player.app; sourceTree = BUILT_PRODUCTS_DIR; };
		74A8149E2B0F6F250077B16B /* Audio_PlayerApp.swift */ = {isa = PBXFileReference; lastKnownFileType = sourcecode.swift; path = Audio_PlayerApp.swift; sourceTree = "<group>"; };
		74A814A02B0F6F250077B16B /* ContentView.swift */ = {isa = PBXFileReference; lastKnownFileType = sourcecode.swift; path = ContentView.swift; sourceTree = "<group>"; };
		74A814A22B0F6F260077B16B /* Assets.xcassets */ = {isa = PBXFileReference; lastKnownFileType = folder.assetcatalog; path = Assets.xcassets; sourceTree = "<group>"; };
		74A814A52B0F6F260077B16B /* Preview Assets.xcassets */ = {isa = PBXFileReference; lastKnownFileType = folder.assetcatalog; path = "Preview Assets.xcassets"; sourceTree = "<group>"; };
		74BCA4DF2B10CF250092F41E /* Surprise Surprise - Cilla Black.mp3 */ = {isa = PBXFileReference; lastKnownFileType = audio.mp3; name = "Surprise Surprise - Cilla Black.mp3"; path = "../../../Surprise Surprise - Cilla Black.mp3"; sourceTree = "<group>"; };
		74F68F912B0FC33E0054E690 /* ControlButtonsView.swift */ = {isa = PBXFileReference; lastKnownFileType = sourcecode.swift; path = ControlButtonsView.swift; sourceTree = "<group>"; };
		74F68F952B0FC8310054E690 /* Extensions.swift */ = {isa = PBXFileReference; lastKnownFileType = sourcecode.swift; path = Extensions.swift; sourceTree = "<group>"; };
		74F68F972B0FC87F0054E690 /* SliderView.swift */ = {isa = PBXFileReference; lastKnownFileType = sourcecode.swift; path = SliderView.swift; sourceTree = "<group>"; };
		74F68F992B0FCF8A0054E690 /* PlayerViewModel.swift */ = {isa = PBXFileReference; lastKnownFileType = sourcecode.swift; path = PlayerViewModel.swift; sourceTree = "<group>"; };
/* End PBXFileReference section */

/* Begin PBXFrameworksBuildPhase section */
		74A814982B0F6F250077B16B /* Frameworks */ = {
			isa = PBXFrameworksBuildPhase;
			buildActionMask = 2147483647;
			files = (
			);
			runOnlyForDeploymentPostprocessing = 0;
		};
/* End PBXFrameworksBuildPhase section */

/* Begin PBXGroup section */
		741FCE302B10D05200B75741 /* ContentView's */ = {
			isa = PBXGroup;
			children = (
				74A814A02B0F6F250077B16B /* ContentView.swift */,
				741FCE312B10D07000B75741 /* OtherViews */,
			);
			path = "ContentView's";
			sourceTree = "<group>";
		};
		741FCE312B10D07000B75741 /* OtherViews */ = {
			isa = PBXGroup;
			children = (
				74F68F912B0FC33E0054E690 /* ControlButtonsView.swift */,
				74F68F972B0FC87F0054E690 /* SliderView.swift */,
				74949EAB2B1611CA005AC17C /* ImageView.swift */,
			);
			path = OtherViews;
			sourceTree = "<group>";
		};
		74A814922B0F6F250077B16B = {
			isa = PBXGroup;
			children = (
				74A8149D2B0F6F250077B16B /* Audio_Player */,
				74A8149C2B0F6F250077B16B /* Products */,
			);
			sourceTree = "<group>";
		};
		74A8149C2B0F6F250077B16B /* Products */ = {
			isa = PBXGroup;
			children = (
				74A8149B2B0F6F250077B16B /* Audio_Player.app */,
			);
			name = Products;
			sourceTree = "<group>";
		};
		74A8149D2B0F6F250077B16B /* Audio_Player */ = {
			isa = PBXGroup;
			children = (
				74A8149E2B0F6F250077B16B /* Audio_PlayerApp.swift */,
				741FCE302B10D05200B75741 /* ContentView's */,
				74F68F992B0FCF8A0054E690 /* PlayerViewModel.swift */,
				74F68F952B0FC8310054E690 /* Extensions.swift */,
				741FCE2A2B10CFB500B75741 /* Michael Sembello - She's A Maniac.mp3 */,
				74BCA4DF2B10CF250092F41E /* Surprise Surprise - Cilla Black.mp3 */,
				741FCE2E2B10D02800B75741 /* Rick Astley - Never Gonna Give You Up.mp3 */,
				74A814A22B0F6F260077B16B /* Assets.xcassets */,
				74A814A42B0F6F260077B16B /* Preview Content */,
			);
			path = Audio_Player;
			sourceTree = "<group>";
		};
		74A814A42B0F6F260077B16B /* Preview Content */ = {
			isa = PBXGroup;
			children = (
				74A814A52B0F6F260077B16B /* Preview Assets.xcassets */,
			);
			path = "Preview Content";
			sourceTree = "<group>";
		};
/* End PBXGroup section */

/* Begin PBXNativeTarget section */
		74A8149A2B0F6F250077B16B /* Audio_Player */ = {
			isa = PBXNativeTarget;
			buildConfigurationList = 74A814A92B0F6F260077B16B /* Build configuration list for PBXNativeTarget "Audio_Player" */;
			buildPhases = (
				74A814972B0F6F250077B16B /* Sources */,
				74A814982B0F6F250077B16B /* Frameworks */,
				74A814992B0F6F250077B16B /* Resources */,
			);
			buildRules = (
			);
			dependencies = (
			);
			name = Audio_Player;
			productName = Audio_Player;
			productReference = 74A8149B2B0F6F250077B16B /* Audio_Player.app */;
			productType = "com.apple.product-type.application";
		};
/* End PBXNativeTarget section */

/* Begin PBXProject section */
		74A814932B0F6F250077B16B /* Project object */ = {
			isa = PBXProject;
			attributes = {
				BuildIndependentTargetsInParallel = 1;
				LastSwiftUpdateCheck = 1420;
				LastUpgradeCheck = 1420;
				TargetAttributes = {
					74A8149A2B0F6F250077B16B = {
						CreatedOnToolsVersion = 14.2;
					};
				};
			};
			buildConfigurationList = 74A814962B0F6F250077B16B /* Build configuration list for PBXProject "Audio_Player" */;
			compatibilityVersion = "Xcode 14.0";
			developmentRegion = en;
			hasScannedForEncodings = 0;
			knownRegions = (
				en,
				Base,
			);
			mainGroup = 74A814922B0F6F250077B16B;
			productRefGroup = 74A8149C2B0F6F250077B16B /* Products */;
			projectDirPath = "";
			projectRoot = "";
			targets = (
				74A8149A2B0F6F250077B16B /* Audio_Player */,
			);
		};
/* End PBXProject section */

/* Begin PBXResourcesBuildPhase section */
		74A814992B0F6F250077B16B /* Resources */ = {
			isa = PBXResourcesBuildPhase;
			buildActionMask = 2147483647;
			files = (
				741FCE2F2B10D02800B75741 /* Rick Astley - Never Gonna Give You Up.mp3 in Resources */,
				74A814A62B0F6F260077B16B /* Preview Assets.xcassets in Resources */,
				74BCA4E02B10CF250092F41E /* Surprise Surprise - Cilla Black.mp3 in Resources */,
				741FCE2B2B10CFB500B75741 /* Michael Sembello - She's A Maniac.mp3 in Resources */,
				74A814A32B0F6F260077B16B /* Assets.xcassets in Resources */,
			);
			runOnlyForDeploymentPostprocessing = 0;
		};
/* End PBXResourcesBuildPhase section */

/* Begin PBXSourcesBuildPhase section */
		74A814972B0F6F250077B16B /* Sources */ = {
			isa = PBXSourcesBuildPhase;
			buildActionMask = 2147483647;
			files = (
				74A814A12B0F6F250077B16B /* ContentView.swift in Sources */,
				74F68F922B0FC33E0054E690 /* ControlButtonsView.swift in Sources */,
				74F68F9A2B0FCF8A0054E690 /* PlayerViewModel.swift in Sources */,
				74A8149F2B0F6F250077B16B /* Audio_PlayerApp.swift in Sources */,
				74F68F962B0FC8310054E690 /* Extensions.swift in Sources */,
				74949EAC2B1611CA005AC17C /* ImageView.swift in Sources */,
				74F68F982B0FC87F0054E690 /* SliderView.swift in Sources */,
			);
			runOnlyForDeploymentPostprocessing = 0;
		};
/* End PBXSourcesBuildPhase section */

/* Begin XCBuildConfiguration section */
		74A814A72B0F6F260077B16B /* Debug */ = {
			isa = XCBuildConfiguration;
			buildSettings = {
				ALWAYS_SEARCH_USER_PATHS = NO;
				CLANG_ANALYZER_NONNULL = YES;
				CLANG_ANALYZER_NUMBER_OBJECT_CONVERSION = YES_AGGRESSIVE;
				CLANG_CXX_LANGUAGE_STANDARD = "gnu++20";
				CLANG_ENABLE_MODULES = YES;
				CLANG_ENABLE_OBJC_ARC = YES;
				CLANG_ENABLE_OBJC_WEAK = YES;
				CLANG_WARN_BLOCK_CAPTURE_AUTORELEASING = YES;
				CLANG_WARN_BOOL_CONVERSION = YES;
				CLANG_WARN_COMMA = YES;
				CLANG_WARN_CONSTANT_CONVERSION = YES;
				CLANG_WARN_DEPRECATED_OBJC_IMPLEMENTATIONS = YES;
				CLANG_WARN_DIRECT_OBJC_ISA_USAGE = YES_ERROR;
				CLANG_WARN_DOCUMENTATION_COMMENTS = YES;
				CLANG_WARN_EMPTY_BODY = YES;
				CLANG_WARN_ENUM_CONVERSION = YES;
				CLANG_WARN_INFINITE_RECURSION = YES;
				CLANG_WARN_INT_CONVERSION = YES;
				CLANG_WARN_NON_LITERAL_NULL_CONVERSION = YES;
				CLANG_WARN_OBJC_IMPLICIT_RETAIN_SELF = YES;
				CLANG_WARN_OBJC_LITERAL_CONVERSION = YES;
				CLANG_WARN_OBJC_ROOT_CLASS = YES_ERROR;
				CLANG_WARN_QUOTED_INCLUDE_IN_FRAMEWORK_HEADER = YES;
				CLANG_WARN_RANGE_LOOP_ANALYSIS = YES;
				CLANG_WARN_STRICT_PROTOTYPES = YES;
				CLANG_WARN_SUSPICIOUS_MOVE = YES;
				CLANG_WARN_UNGUARDED_AVAILABILITY = YES_AGGRESSIVE;
				CLANG_WARN_UNREACHABLE_CODE = YES;
				CLANG_WARN__DUPLICATE_METHOD_MATCH = YES;
				COPY_PHASE_STRIP = NO;
				DEBUG_INFORMATION_FORMAT = dwarf;
				ENABLE_STRICT_OBJC_MSGSEND = YES;
				ENABLE_TESTABILITY = YES;
				GCC_C_LANGUAGE_STANDARD = gnu11;
				GCC_DYNAMIC_NO_PIC = NO;
				GCC_NO_COMMON_BLOCKS = YES;
				GCC_OPTIMIZATION_LEVEL = 0;
				GCC_PREPROCESSOR_DEFINITIONS = (
					"DEBUG=1",
					"$(inherited)",
				);
				GCC_WARN_64_TO_32_BIT_CONVERSION = YES;
				GCC_WARN_ABOUT_RETURN_TYPE = YES_ERROR;
				GCC_WARN_UNDECLARED_SELECTOR = YES;
				GCC_WARN_UNINITIALIZED_AUTOS = YES_AGGRESSIVE;
				GCC_WARN_UNUSED_FUNCTION = YES;
				GCC_WARN_UNUSED_VARIABLE = YES;
				IPHONEOS_DEPLOYMENT_TARGET = 16.2;
				MTL_ENABLE_DEBUG_INFO = INCLUDE_SOURCE;
				MTL_FAST_MATH = YES;
				ONLY_ACTIVE_ARCH = YES;
				SDKROOT = iphoneos;
				SWIFT_ACTIVE_COMPILATION_CONDITIONS = DEBUG;
				SWIFT_OPTIMIZATION_LEVEL = "-Onone";
			};
			name = Debug;
		};
		74A814A82B0F6F260077B16B /* Release */ = {
			isa = XCBuildConfiguration;
			buildSettings = {
				ALWAYS_SEARCH_USER_PATHS = NO;
				CLANG_ANALYZER_NONNULL = YES;
				CLANG_ANALYZER_NUMBER_OBJECT_CONVERSION = YES_AGGRESSIVE;
				CLANG_CXX_LANGUAGE_STANDARD = "gnu++20";
				CLANG_ENABLE_MODULES = YES;
				CLANG_ENABLE_OBJC_ARC = YES;
				CLANG_ENABLE_OBJC_WEAK = YES;
				CLANG_WARN_BLOCK_CAPTURE_AUTORELEASING = YES;
				CLANG_WARN_BOOL_CONVERSION = YES;
				CLANG_WARN_COMMA = YES;
				CLANG_WARN_CONSTANT_CONVERSION = YES;
				CLANG_WARN_DEPRECATED_OBJC_IMPLEMENTATIONS = YES;
				CLANG_WARN_DIRECT_OBJC_ISA_USAGE = YES_ERROR;
				CLANG_WARN_DOCUMENTATION_COMMENTS = YES;
				CLANG_WARN_EMPTY_BODY = YES;
				CLANG_WARN_ENUM_CONVERSION = YES;
				CLANG_WARN_INFINITE_RECURSION = YES;
				CLANG_WARN_INT_CONVERSION = YES;
				CLANG_WARN_NON_LITERAL_NULL_CONVERSION = YES;
				CLANG_WARN_OBJC_IMPLICIT_RETAIN_SELF = YES;
				CLANG_WARN_OBJC_LITERAL_CONVERSION = YES;
				CLANG_WARN_OBJC_ROOT_CLASS = YES_ERROR;
				CLANG_WARN_QUOTED_INCLUDE_IN_FRAMEWORK_HEADER = YES;
				CLANG_WARN_RANGE_LOOP_ANALYSIS = YES;
				CLANG_WARN_STRICT_PROTOTYPES = YES;
				CLANG_WARN_SUSPICIOUS_MOVE = YES;
				CLANG_WARN_UNGUARDED_AVAILABILITY = YES_AGGRESSIVE;
				CLANG_WARN_UNREACHABLE_CODE = YES;
				CLANG_WARN__DUPLICATE_METHOD_MATCH = YES;
				COPY_PHASE_STRIP = NO;
				DEBUG_INFORMATION_FORMAT = "dwarf-with-dsym";
				ENABLE_NS_ASSERTIONS = NO;
				ENABLE_STRICT_OBJC_MSGSEND = YES;
				GCC_C_LANGUAGE_STANDARD = gnu11;
				GCC_NO_COMMON_BLOCKS = YES;
				GCC_WARN_64_TO_32_BIT_CONVERSION = YES;
				GCC_WARN_ABOUT_RETURN_TYPE = YES_ERROR;
				GCC_WARN_UNDECLARED_SELECTOR = YES;
				GCC_WARN_UNINITIALIZED_AUTOS = YES_AGGRESSIVE;
				GCC_WARN_UNUSED_FUNCTION = YES;
				GCC_WARN_UNUSED_VARIABLE = YES;
				IPHONEOS_DEPLOYMENT_TARGET = 16.2;
				MTL_ENABLE_DEBUG_INFO = NO;
				MTL_FAST_MATH = YES;
				SDKROOT = iphoneos;
				SWIFT_COMPILATION_MODE = wholemodule;
				SWIFT_OPTIMIZATION_LEVEL = "-O";
				VALIDATE_PRODUCT = YES;
			};
			name = Release;
		};
		74A814AA2B0F6F260077B16B /* Debug */ = {
			isa = XCBuildConfiguration;
			buildSettings = {
				ASSETCATALOG_COMPILER_APPICON_NAME = AppIcon;
				ASSETCATALOG_COMPILER_GLOBAL_ACCENT_COLOR_NAME = AccentColor;
				CODE_SIGN_STYLE = Automatic;
				CURRENT_PROJECT_VERSION = 1;
				DEVELOPMENT_ASSET_PATHS = "\"Audio_Player/Preview Content\"";
				DEVELOPMENT_TEAM = HN32HK2XMQ;
				ENABLE_PREVIEWS = YES;
				GENERATE_INFOPLIST_FILE = YES;
				INFOPLIST_KEY_UIApplicationSceneManifest_Generation = YES;
				INFOPLIST_KEY_UIApplicationSupportsIndirectInputEvents = YES;
				INFOPLIST_KEY_UILaunchScreen_Generation = YES;
				INFOPLIST_KEY_UISupportedInterfaceOrientations_iPad = "UIInterfaceOrientationPortrait UIInterfaceOrientationPortraitUpsideDown UIInterfaceOrientationLandscapeLeft UIInterfaceOrientationLandscapeRight";
				INFOPLIST_KEY_UISupportedInterfaceOrientations_iPhone = "UIInterfaceOrientationPortrait UIInterfaceOrientationLandscapeLeft UIInterfaceOrientationLandscapeRight";
				LD_RUNPATH_SEARCH_PATHS = (
					"$(inherited)",
					"@executable_path/Frameworks",
				);
				MARKETING_VERSION = 1.0;
				PRODUCT_BUNDLE_IDENTIFIER = "MIKHAIL.Audio-Player";
				PRODUCT_NAME = "$(TARGET_NAME)";
				SWIFT_EMIT_LOC_STRINGS = YES;
				SWIFT_VERSION = 5.0;
				TARGETED_DEVICE_FAMILY = "1,2";
			};
			name = Debug;
		};
		74A814AB2B0F6F260077B16B /* Release */ = {
			isa = XCBuildConfiguration;
			buildSettings = {
				ASSETCATALOG_COMPILER_APPICON_NAME = AppIcon;
				ASSETCATALOG_COMPILER_GLOBAL_ACCENT_COLOR_NAME = AccentColor;
				CODE_SIGN_STYLE = Automatic;
				CURRENT_PROJECT_VERSION = 1;
				DEVELOPMENT_ASSET_PATHS = "\"Audio_Player/Preview Content\"";
				DEVELOPMENT_TEAM = HN32HK2XMQ;
				ENABLE_PREVIEWS = YES;
				GENERATE_INFOPLIST_FILE = YES;
				INFOPLIST_KEY_UIApplicationSceneManifest_Generation = YES;
				INFOPLIST_KEY_UIApplicationSupportsIndirectInputEvents = YES;
				INFOPLIST_KEY_UILaunchScreen_Generation = YES;
				INFOPLIST_KEY_UISupportedInterfaceOrientations_iPad = "UIInterfaceOrientationPortrait UIInterfaceOrientationPortraitUpsideDown UIInterfaceOrientationLandscapeLeft UIInterfaceOrientationLandscapeRight";
				INFOPLIST_KEY_UISupportedInterfaceOrientations_iPhone = "UIInterfaceOrientationPortrait UIInterfaceOrientationLandscapeLeft UIInterfaceOrientationLandscapeRight";
				LD_RUNPATH_SEARCH_PATHS = (
					"$(inherited)",
					"@executable_path/Frameworks",
				);
				MARKETING_VERSION = 1.0;
				PRODUCT_BUNDLE_IDENTIFIER = "MIKHAIL.Audio-Player";
				PRODUCT_NAME = "$(TARGET_NAME)";
				SWIFT_EMIT_LOC_STRINGS = YES;
				SWIFT_VERSION = 5.0;
				TARGETED_DEVICE_FAMILY = "1,2";
			};
			name = Release;
		};
/* End XCBuildConfiguration section */

/* Begin XCConfigurationList section */
		74A814962B0F6F250077B16B /* Build configuration list for PBXProject "Audio_Player" */ = {
			isa = XCConfigurationList;
			buildConfigurations = (
				74A814A72B0F6F260077B16B /* Debug */,
				74A814A82B0F6F260077B16B /* Release */,
			);
			defaultConfigurationIsVisible = 0;
			defaultConfigurationName = Release;
		};
		74A814A92B0F6F260077B16B /* Build configuration list for PBXNativeTarget "Audio_Player" */ = {
			isa = XCConfigurationList;
			buildConfigurations = (
				74A814AA2B0F6F260077B16B /* Debug */,
				74A814AB2B0F6F260077B16B /* Release */,
			);
			defaultConfigurationIsVisible = 0;
			defaultConfigurationName = Release;
		};
/* End XCConfigurationList section */
	};
	rootObject = 74A814932B0F6F250077B16B /* Project object */;
}
